
Microsoft Visual Studio Solution File, Format Version 12.00
# Visual Studio 15
VisualStudioVersion = 15.0.28307.1231
MinimumVisualStudioVersion = 10.0.40219.1
Project("{FAE04EC0-301F-11D3-BF4B-00C04F79EFBC}") = "Test", "Test\Test.csproj", "{581BE874-23E1-4BE9-AB7B-7E17FD19C672}"
EndProject
Global
	GlobalSection(SolutionConfigurationPlatforms) = preSolution
		Debug|Any CPU = Debug|Any CPU
		Release|Any CPU = Release|Any CPU
	EndGlobalSection
	GlobalSection(ProjectConfigurationPlatforms) = postSolution
		{581BE874-23E1-4BE9-AB7B-7E17FD19C672}.Debug|Any CPU.ActiveCfg = Debug|Any CPU
		{581BE874-23E1-4BE9-AB7B-7E17FD19C672}.Debug|Any CPU.Build.0 = Debug|Any CPU
		{581BE874-23E1-4BE9-AB7B-7E17FD19C672}.Release|Any CPU.ActiveCfg = Release|Any CPU
		{581BE874-23E1-4BE9-AB7B-7E17FD19C672}.Release|Any CPU.Build.0 = Release|Any CPU
	EndGlobalSection
	GlobalSection(SolutionProperties) = preSolution
		HideSolutionNode = FALSE
	EndGlobalSection
	GlobalSection(ExtensibilityGlobals) = postSolution
		SolutionGuid = {82F222EC-9745-4914-B812-C8F58CBE1C41}
	EndGlobalSection
EndGlobal
